# This file is automatically @generated by Poetry 1.8.2 and should not be changed by hand.

[[package]]
name = "Jinja2"
version = "2.11.2"
description = "A very fast and expressive template engine."
optional = false
python-versions = ">=2.7, !=3.0.*, !=3.1.*, !=3.2.*, !=3.3.*, !=3.4.*"
files = [
    {file = "Jinja2-2.11.2-py2.py3-none-any.whl", hash = "sha256:f0a4641d3cf955324a89c04f3d94663aa4d638abe8f733ecd3582848e1c37035"},
    {file = "Jinja2-2.11.2.tar.gz", hash = "sha256:89aab215427ef59c34ad58735269eb58b1a5808103067f7bb9d5836c651b3bb0"},
]

[package.dependencies]
MarkupSafe = ">=0.23"

[package.extras]
i18n = ["Babel (>=0.8)"]

[[package]]
name = "markupsafe"
version = "2.1.5"
description = "Safely add untrusted strings to HTML/XML markup."
optional = false
python-versions = ">=3.7"
files = [
    {file = "MarkupSafe-2.1.5.tar.gz", hash = "sha256:d283d37a890ba4c1ae73ffadf8046435c76e7bc2247bbb63c00bd1a709c6544b"},
]

[[package]]
name = "pytest"
version = "7.4.0"
description = "pytest: simple powerful testing with Python"
optional = false
python-versions = ">=3.7"
files = []
groups = ["dev"]

[[package]]
name = "my-local-lib"
version = "0.1.0"
description = ""
optional = false
python-versions = "*"
files = []

[package.source]
type = "directory"
url = "../my-local-lib"

[[package]]
name = "extra-only"
version = "1.0.0"
description = ""
optional = true
python-versions = "*"
files = []
groups = ["main"]

[metadata]
lock-version = "2.0"
python-versions = "^3.10"
content-hash = "abc123"
